
Microsoft Visual Studio Solution File, Format Version 12.00
# Visual Studio Version 16
VisualStudioVersion = 16.0.30413.136
MinimumVisualStudioVersion = 10.0.40219.1
Project("{FAE04EC0-301F-11D3-BF4B-00C04F79EFBC}") = "WordAddIn_SQLiteDB", "WordAddIn_SQLiteDB\WordAddIn_SQLiteDB.csproj", "{DD70110B-EF52-406A-A873-E6ECC07CA775}"
EndProject
Global
	GlobalSection(SolutionConfigurationPlatforms) = preSolution
		Debug|Any CPU = Debug|Any CPU
		Release|Any CPU = Release|Any CPU
	EndGlobalSection
	GlobalSection(ProjectConfigurationPlatforms) = postSolution
		{DD70110B-EF52-406A-A873-E6ECC07CA775}.Debug|Any CPU.ActiveCfg = Debug|Any CPU
		{DD70110B-EF52-406A-A873-E6ECC07CA775}.Debug|Any CPU.Build.0 = Debug|Any CPU
		{DD70110B-EF52-406A-A873-E6ECC07CA775}.Release|Any CPU.ActiveCfg = Release|Any CPU
		{DD70110B-EF52-406A-A873-E6ECC07CA775}.Release|Any CPU.Build.0 = Release|Any CPU
	EndGlobalSection
	GlobalSection(SolutionProperties) = preSolution
		HideSolutionNode = FALSE
	EndGlobalSection
	GlobalSection(ExtensibilityGlobals) = postSolution
		SolutionGuid = {7A6A2198-8E19-4424-9931-E4ED68902212}
	EndGlobalSection
EndGlobal
